// !$*UTF8*$!
{
	archiveVersion = 1;
	classes = {
	};
	objectVersion = 56;
	objects = {

/* Begin PBXBuildFile section */
		5E4EF3B128F9B661002D3F15 /* IssueTestApp.swift in Sources */ = {isa = PBXBuildFile; fileRef = 5E4EF3B028F9B661002D3F15 /* IssueTestApp.swift */; };
		5E4EF3B328F9B661002D3F15 /* ContentView.swift in Sources */ = {isa = PBXBuildFile; fileRef = 5E4EF3B228F9B661002D3F15 /* ContentView.swift */; };
		5E4EF3B528F9B662002D3F15 /* Assets.xcassets in Resources */ = {isa = PBXBuildFile; fileRef = 5E4EF3B428F9B662002D3F15 /* Assets.xcassets */; };
		5E4EF3B928F9B662002D3F15 /* Preview Assets.xcassets in Resources */ = {isa = PBXBuildFile; fileRef = 5E4EF3B828F9B662002D3F15 /* Preview Assets.xcassets */; };
		5E4EF3C028F9B6B6002D3F15 /* ParentView.swift in Sources */ = {isa = PBXBuildFile; fileRef = 5E4EF3BF28F9B6B6002D3F15 /* ParentView.swift */; };
		5E4EF3C228F9B72C002D3F15 /* ItemView.swift in Sources */ = {isa = PBXBuildFile; fileRef = 5E4EF3C128F9B72C002D3F15 /* ItemView.swift */; };
		5E4EF3C528F9BBD1002D3F15 /* Model.xcdatamodeld in Sources */ = {isa = PBXBuildFile; fileRef = 5E4EF3C328F9BBD1002D3F15 /* Model.xcdatamodeld */; };
		5E4EF3C728F9BC1C002D3F15 /* CoreDataManager.swift in Sources */ = {isa = PBXBuildFile; fileRef = 5E4EF3C628F9BC1C002D3F15 /* CoreDataManager.swift */; };
		5E4EF3C928F9BF0C002D3F15 /* NavigationManager.swift in Sources */ = {isa = PBXBuildFile; fileRef = 5E4EF3C828F9BF0C002D3F15 /* NavigationManager.swift */; };
		5E4EF3CB28F9BFEC002D3F15 /* BoardView.swift in Sources */ = {isa = PBXBuildFile; fileRef = 5E4EF3CA28F9BFEC002D3F15 /* BoardView.swift */; };
		5E4EF3CD28F9C158002D3F15 /* SelectionView.swift in Sources */ = {isa = PBXBuildFile; fileRef = 5E4EF3CC28F9C158002D3F15 /* SelectionView.swift */; };
/* End PBXBuildFile section */

/* Begin PBXFileReference section */
		5E4EF3AD28F9B661002D3F15 /* IssueTest.app */ = {isa = PBXFileReference; explicitFileType = wrapper.application; includeInIndex = 0; path = IssueTest.app; sourceTree = BUILT_PRODUCTS_DIR; };
		5E4EF3B028F9B661002D3F15 /* IssueTestApp.swift */ = {isa = PBXFileReference; lastKnownFileType = sourcecode.swift; path = IssueTestApp.swift; sourceTree = "<group>"; };
		5E4EF3B228F9B661002D3F15 /* ContentView.swift */ = {isa = PBXFileReference; lastKnownFileType = sourcecode.swift; path = ContentView.swift; sourceTree = "<group>"; };
		5E4EF3B428F9B662002D3F15 /* Assets.xcassets */ = {isa = PBXFileReference; lastKnownFileType = folder.assetcatalog; path = Assets.xcassets; sourceTree = "<group>"; };
		5E4EF3B628F9B662002D3F15 /* IssueTest.entitlements */ = {isa = PBXFileReference; lastKnownFileType = text.plist.entitlements; path = IssueTest.entitlements; sourceTree = "<group>"; };
		5E4EF3B828F9B662002D3F15 /* Preview Assets.xcassets */ = {isa = PBXFileReference; lastKnownFileType = folder.assetcatalog; path = "Preview Assets.xcassets"; sourceTree = "<group>"; };
		5E4EF3BF28F9B6B6002D3F15 /* ParentView.swift */ = {isa = PBXFileReference; lastKnownFileType = sourcecode.swift; path = ParentView.swift; sourceTree = "<group>"; };
		5E4EF3C128F9B72C002D3F15 /* ItemView.swift */ = {isa = PBXFileReference; lastKnownFileType = sourcecode.swift; path = ItemView.swift; sourceTree = "<group>"; };
		5E4EF3C428F9BBD1002D3F15 /* Model.xcdatamodel */ = {isa = PBXFileReference; lastKnownFileType = wrapper.xcdatamodel; path = Model.xcdatamodel; sourceTree = "<group>"; };
		5E4EF3C628F9BC1C002D3F15 /* CoreDataManager.swift */ = {isa = PBXFileReference; lastKnownFileType = sourcecode.swift; path = CoreDataManager.swift; sourceTree = "<group>"; };
		5E4EF3C828F9BF0C002D3F15 /* NavigationManager.swift */ = {isa = PBXFileReference; lastKnownFileType = sourcecode.swift; path = NavigationManager.swift; sourceTree = "<group>"; };
		5E4EF3CA28F9BFEC002D3F15 /* BoardView.swift */ = {isa = PBXFileReference; lastKnownFileType = sourcecode.swift; path = BoardView.swift; sourceTree = "<group>"; };
		5E4EF3CC28F9C158002D3F15 /* SelectionView.swift */ = {isa = PBXFileReference; lastKnownFileType = sourcecode.swift; path = SelectionView.swift; sourceTree = "<group>"; };
/* End PBXFileReference section */

/* Begin PBXFrameworksBuildPhase section */
		5E4EF3AA28F9B661002D3F15 /* Frameworks */ = {
			isa = PBXFrameworksBuildPhase;
			buildActionMask = 2147483647;
			files = (
			);
			runOnlyForDeploymentPostprocessing = 0;
		};
/* End PBXFrameworksBuildPhase section */

/* Begin PBXGroup section */
		5E4EF3A428F9B661002D3F15 = {
			isa = PBXGroup;
			children = (
				5E4EF3AF28F9B661002D3F15 /* IssueTest */,
				5E4EF3AE28F9B661002D3F15 /* Products */,
			);
			sourceTree = "<group>";
		};
		5E4EF3AE28F9B661002D3F15 /* Products */ = {
			isa = PBXGroup;
			children = (
				5E4EF3AD28F9B661002D3F15 /* IssueTest.app */,
			);
			name = Products;
			sourceTree = "<group>";
		};
		5E4EF3AF28F9B661002D3F15 /* IssueTest */ = {
			isa = PBXGroup;
			children = (
				5E4EF3C328F9BBD1002D3F15 /* Model.xcdatamodeld */,
				5E4EF3C628F9BC1C002D3F15 /* CoreDataManager.swift */,
				5E4EF3C828F9BF0C002D3F15 /* NavigationManager.swift */,
				5E4EF3B028F9B661002D3F15 /* IssueTestApp.swift */,
				5E4EF3B228F9B661002D3F15 /* ContentView.swift */,
				5E4EF3BF28F9B6B6002D3F15 /* ParentView.swift */,
				5E4EF3C128F9B72C002D3F15 /* ItemView.swift */,
				5E4EF3CA28F9BFEC002D3F15 /* BoardView.swift */,
				5E4EF3CC28F9C158002D3F15 /* SelectionView.swift */,
				5E4EF3B428F9B662002D3F15 /* Assets.xcassets */,
				5E4EF3B628F9B662002D3F15 /* IssueTest.entitlements */,
				5E4EF3B728F9B662002D3F15 /* Preview Content */,
			);
			path = IssueTest;
			sourceTree = "<group>";
		};
		5E4EF3B728F9B662002D3F15 /* Preview Content */ = {
			isa = PBXGroup;
			children = (
				5E4EF3B828F9B662002D3F15 /* Preview Assets.xcassets */,
			);
			path = "Preview Content";
			sourceTree = "<group>";
		};
/* End PBXGroup section */

/* Begin PBXNativeTarget section */
		5E4EF3AC28F9B661002D3F15 /* IssueTest */ = {
			isa = PBXNativeTarget;
			buildConfigurationList = 5E4EF3BC28F9B662002D3F15 /* Build configuration list for PBXNativeTarget "IssueTest" */;
			buildPhases = (
				5E4EF3A928F9B661002D3F15 /* Sources */,
				5E4EF3AA28F9B661002D3F15 /* Frameworks */,
				5E4EF3AB28F9B661002D3F15 /* Resources */,
			);
			buildRules = (
			);
			dependencies = (
			);
			name = IssueTest;
			productName = IssueTest;
			productReference = 5E4EF3AD28F9B661002D3F15 /* IssueTest.app */;
			productType = "com.apple.product-type.application";
		};
/* End PBXNativeTarget section */

/* Begin PBXProject section */
		5E4EF3A528F9B661002D3F15 /* Project object */ = {
			isa = PBXProject;
			attributes = {
				BuildIndependentTargetsInParallel = 1;
				LastSwiftUpdateCheck = 1410;
				LastUpgradeCheck = 1410;
				TargetAttributes = {
					5E4EF3AC28F9B661002D3F15 = {
						CreatedOnToolsVersion = 14.1;
					};
				};
			};
			buildConfigurationList = 5E4EF3A828F9B661002D3F15 /* Build configuration list for PBXProject "IssueTest" */;
			compatibilityVersion = "Xcode 14.0";
			developmentRegion = en;
			hasScannedForEncodings = 0;
			knownRegions = (
				en,
				Base,
			);
			mainGroup = 5E4EF3A428F9B661002D3F15;
			productRefGroup = 5E4EF3AE28F9B661002D3F15 /* Products */;
			projectDirPath = "";
			projectRoot = "";
			targets = (
				5E4EF3AC28F9B661002D3F15 /* IssueTest */,
			);
		};
/* End PBXProject section */

/* Begin PBXResourcesBuildPhase section */
		5E4EF3AB28F9B661002D3F15 /* Resources */ = {
			isa = PBXResourcesBuildPhase;
			buildActionMask = 2147483647;
			files = (
				5E4EF3B928F9B662002D3F15 /* Preview Assets.xcassets in Resources */,
				5E4EF3B528F9B662002D3F15 /* Assets.xcassets in Resources */,
			);
			runOnlyForDeploymentPostprocessing = 0;
		};
/* End PBXResourcesBuildPhase section */

/* Begin PBXSourcesBuildPhase section */
		5E4EF3A928F9B661002D3F15 /* Sources */ = {
			isa = PBXSourcesBuildPhase;
			buildActionMask = 2147483647;
			files = (
				5E4EF3B328F9B661002D3F15 /* ContentView.swift in Sources */,
				5E4EF3C028F9B6B6002D3F15 /* ParentView.swift in Sources */,
				5E4EF3C928F9BF0C002D3F15 /* NavigationManager.swift in Sources */,
				5E4EF3C528F9BBD1002D3F15 /* Model.xcdatamodeld in Sources */,
				5E4EF3B128F9B661002D3F15 /* IssueTestApp.swift in Sources */,
				5E4EF3CD28F9C158002D3F15 /* SelectionView.swift in Sources */,
				5E4EF3CB28F9BFEC002D3F15 /* BoardView.swift in Sources */,
				5E4EF3C728F9BC1C002D3F15 /* CoreDataManager.swift in Sources */,
				5E4EF3C228F9B72C002D3F15 /* ItemView.swift in Sources */,
			);
			runOnlyForDeploymentPostprocessing = 0;
		};
/* End PBXSourcesBuildPhase section */

/* Begin XCBuildConfiguration section */
		5E4EF3BA28F9B662002D3F15 /* Debug */ = {
			isa = XCBuildConfiguration;
			buildSettings = {
				ALWAYS_SEARCH_USER_PATHS = NO;
				CLANG_ANALYZER_NONNULL = YES;
				CLANG_ANALYZER_NUMBER_OBJECT_CONVERSION = YES_AGGRESSIVE;
				CLANG_CXX_LANGUAGE_STANDARD = "gnu++20";
				CLANG_ENABLE_MODULES = YES;
				CLANG_ENABLE_OBJC_ARC = YES;
				CLANG_ENABLE_OBJC_WEAK = YES;
				CLANG_WARN_BLOCK_CAPTURE_AUTORELEASING = YES;
				CLANG_WARN_BOOL_CONVERSION = YES;
				CLANG_WARN_COMMA = YES;
				CLANG_WARN_CONSTANT_CONVERSION = YES;
				CLANG_WARN_DEPRECATED_OBJC_IMPLEMENTATIONS = YES;
				CLANG_WARN_DIRECT_OBJC_ISA_USAGE = YES_ERROR;
				CLANG_WARN_DOCUMENTATION_COMMENTS = YES;
				CLANG_WARN_EMPTY_BODY = YES;
				CLANG_WARN_ENUM_CONVERSION = YES;
				CLANG_WARN_INFINITE_RECURSION = YES;
				CLANG_WARN_INT_CONVERSION = YES;
				CLANG_WARN_NON_LITERAL_NULL_CONVERSION = YES;
				CLANG_WARN_OBJC_IMPLICIT_RETAIN_SELF = YES;
				CLANG_WARN_OBJC_LITERAL_CONVERSION = YES;
				CLANG_WARN_OBJC_ROOT_CLASS = YES_ERROR;
				CLANG_WARN_QUOTED_INCLUDE_IN_FRAMEWORK_HEADER = YES;
				CLANG_WARN_RANGE_LOOP_ANALYSIS = YES;
				CLANG_WARN_STRICT_PROTOTYPES = YES;
				CLANG_WARN_SUSPICIOUS_MOVE = YES;
				CLANG_WARN_UNGUARDED_AVAILABILITY = YES_AGGRESSIVE;
				CLANG_WARN_UNREACHABLE_CODE = YES;
				CLANG_WARN__DUPLICATE_METHOD_MATCH = YES;
				COPY_PHASE_STRIP = NO;
				DEBUG_INFORMATION_FORMAT = dwarf;
				ENABLE_STRICT_OBJC_MSGSEND = YES;
				ENABLE_TESTABILITY = YES;
				GCC_C_LANGUAGE_STANDARD = gnu11;
				GCC_DYNAMIC_NO_PIC = NO;
				GCC_NO_COMMON_BLOCKS = YES;
				GCC_OPTIMIZATION_LEVEL = 0;
				GCC_PREPROCESSOR_DEFINITIONS = (
					"DEBUG=1",
					"$(inherited)",
				);
				GCC_WARN_64_TO_32_BIT_CONVERSION = YES;
				GCC_WARN_ABOUT_RETURN_TYPE = YES_ERROR;
				GCC_WARN_UNDECLARED_SELECTOR = YES;
				GCC_WARN_UNINITIALIZED_AUTOS = YES_AGGRESSIVE;
				GCC_WARN_UNUSED_FUNCTION = YES;
				GCC_WARN_UNUSED_VARIABLE = YES;
				MTL_ENABLE_DEBUG_INFO = INCLUDE_SOURCE;
				MTL_FAST_MATH = YES;
				ONLY_ACTIVE_ARCH = YES;
				SWIFT_ACTIVE_COMPILATION_CONDITIONS = DEBUG;
				SWIFT_OPTIMIZATION_LEVEL = "-Onone";
			};
			name = Debug;
		};
		5E4EF3BB28F9B662002D3F15 /* Release */ = {
			isa = XCBuildConfiguration;
			buildSettings = {
				ALWAYS_SEARCH_USER_PATHS = NO;
				CLANG_ANALYZER_NONNULL = YES;
				CLANG_ANALYZER_NUMBER_OBJECT_CONVERSION = YES_AGGRESSIVE;
				CLANG_CXX_LANGUAGE_STANDARD = "gnu++20";
				CLANG_ENABLE_MODULES = YES;
				CLANG_ENABLE_OBJC_ARC = YES;
				CLANG_ENABLE_OBJC_WEAK = YES;
				CLANG_WARN_BLOCK_CAPTURE_AUTORELEASING = YES;
				CLANG_WARN_BOOL_CONVERSION = YES;
				CLANG_WARN_COMMA = YES;
				CLANG_WARN_CONSTANT_CONVERSION = YES;
				CLANG_WARN_DEPRECATED_OBJC_IMPLEMENTATIONS = YES;
				CLANG_WARN_DIRECT_OBJC_ISA_USAGE = YES_ERROR;
				CLANG_WARN_DOCUMENTATION_COMMENTS = YES;
				CLANG_WARN_EMPTY_BODY = YES;
				CLANG_WARN_ENUM_CONVERSION = YES;
				CLANG_WARN_INFINITE_RECURSION = YES;
				CLANG_WARN_INT_CONVERSION = YES;
				CLANG_WARN_NON_LITERAL_NULL_CONVERSION = YES;
				CLANG_WARN_OBJC_IMPLICIT_RETAIN_SELF = YES;
				CLANG_WARN_OBJC_LITERAL_CONVERSION = YES;
				CLANG_WARN_OBJC_ROOT_CLASS = YES_ERROR;
				CLANG_WARN_QUOTED_INCLUDE_IN_FRAMEWORK_HEADER = YES;
				CLANG_WARN_RANGE_LOOP_ANALYSIS = YES;
				CLANG_WARN_STRICT_PROTOTYPES = YES;
				CLANG_WARN_SUSPICIOUS_MOVE = YES;
				CLANG_WARN_UNGUARDED_AVAILABILITY = YES_AGGRESSIVE;
				CLANG_WARN_UNREACHABLE_CODE = YES;
				CLANG_WARN__DUPLICATE_METHOD_MATCH = YES;
				COPY_PHASE_STRIP = NO;
				DEBUG_INFORMATION_FORMAT = "dwarf-with-dsym";
				ENABLE_NS_ASSERTIONS = NO;
				ENABLE_STRICT_OBJC_MSGSEND = YES;
				GCC_C_LANGUAGE_STANDARD = gnu11;
				GCC_NO_COMMON_BLOCKS = YES;
				GCC_WARN_64_TO_32_BIT_CONVERSION = YES;
				GCC_WARN_ABOUT_RETURN_TYPE = YES_ERROR;
				GCC_WARN_UNDECLARED_SELECTOR = YES;
				GCC_WARN_UNINITIALIZED_AUTOS = YES_AGGRESSIVE;
				GCC_WARN_UNUSED_FUNCTION = YES;
				GCC_WARN_UNUSED_VARIABLE = YES;
				MTL_ENABLE_DEBUG_INFO = NO;
				MTL_FAST_MATH = YES;
				SWIFT_COMPILATION_MODE = wholemodule;
				SWIFT_OPTIMIZATION_LEVEL = "-O";
			};
			name = Release;
		};
		5E4EF3BD28F9B662002D3F15 /* Debug */ = {
			isa = XCBuildConfiguration;
			buildSettings = {
				ASSETCATALOG_COMPILER_APPICON_NAME = AppIcon;
				ASSETCATALOG_COMPILER_GLOBAL_ACCENT_COLOR_NAME = AccentColor;
				CODE_SIGN_ENTITLEMENTS = IssueTest/IssueTest.entitlements;
				CODE_SIGN_STYLE = Automatic;
				CURRENT_PROJECT_VERSION = 1;
				DEVELOPMENT_ASSET_PATHS = "\"IssueTest/Preview Content\"";
				DEVELOPMENT_TEAM = HG8TU44368;
				ENABLE_HARDENED_RUNTIME = YES;
				ENABLE_PREVIEWS = YES;
				GENERATE_INFOPLIST_FILE = YES;
				"INFOPLIST_KEY_UIApplicationSceneManifest_Generation[sdk=iphoneos*]" = YES;
				"INFOPLIST_KEY_UIApplicationSceneManifest_Generation[sdk=iphonesimulator*]" = YES;
				"INFOPLIST_KEY_UIApplicationSupportsIndirectInputEvents[sdk=iphoneos*]" = YES;
				"INFOPLIST_KEY_UIApplicationSupportsIndirectInputEvents[sdk=iphonesimulator*]" = YES;
				"INFOPLIST_KEY_UILaunchScreen_Generation[sdk=iphoneos*]" = YES;
				"INFOPLIST_KEY_UILaunchScreen_Generation[sdk=iphonesimulator*]" = YES;
				"INFOPLIST_KEY_UIStatusBarStyle[sdk=iphoneos*]" = UIStatusBarStyleDefault;
				"INFOPLIST_KEY_UIStatusBarStyle[sdk=iphonesimulator*]" = UIStatusBarStyleDefault;
				INFOPLIST_KEY_UISupportedInterfaceOrientations_iPad = "UIInterfaceOrientationPortrait UIInterfaceOrientationPortraitUpsideDown UIInterfaceOrientationLandscapeLeft UIInterfaceOrientationLandscapeRight";
				INFOPLIST_KEY_UISupportedInterfaceOrientations_iPhone = "UIInterfaceOrientationPortrait UIInterfaceOrientationLandscapeLeft UIInterfaceOrientationLandscapeRight";
				IPHONEOS_DEPLOYMENT_TARGET = 16.1;
				LD_RUNPATH_SEARCH_PATHS = "@executable_path/Frameworks";
				"LD_RUNPATH_SEARCH_PATHS[sdk=macosx*]" = "@executable_path/../Frameworks";
				MACOSX_DEPLOYMENT_TARGET = 13.0;
				MARKETING_VERSION = 1.0;
				PRODUCT_BUNDLE_IDENTIFIER = devon.IssueTest;
				PRODUCT_NAME = "$(TARGET_NAME)";
				SDKROOT = auto;
				SUPPORTED_PLATFORMS = "iphoneos iphonesimulator macosx";
				SWIFT_EMIT_LOC_STRINGS = YES;
				SWIFT_VERSION = 5.0;
				TARGETED_DEVICE_FAMILY = "1,2";
			};
			name = Debug;
		};
		5E4EF3BE28F9B662002D3F15 /* Release */ = {
			isa = XCBuildConfiguration;
			buildSettings = {
				ASSETCATALOG_COMPILER_APPICON_NAME = AppIcon;
				ASSETCATALOG_COMPILER_GLOBAL_ACCENT_COLOR_NAME = AccentColor;
				CODE_SIGN_ENTITLEMENTS = IssueTest/IssueTest.entitlements;
				CODE_SIGN_STYLE = Automatic;
				CURRENT_PROJECT_VERSION = 1;
				DEVELOPMENT_ASSET_PATHS = "\"IssueTest/Preview Content\"";
				DEVELOPMENT_TEAM = HG8TU44368;
				ENABLE_HARDENED_RUNTIME = YES;
				ENABLE_PREVIEWS = YES;
				GENERATE_INFOPLIST_FILE = YES;
				"INFOPLIST_KEY_UIApplicationSceneManifest_Generation[sdk=iphoneos*]" = YES;
				"INFOPLIST_KEY_UIApplicationSceneManifest_Generation[sdk=iphonesimulator*]" = YES;
				"INFOPLIST_KEY_UIApplicationSupportsIndirectInputEvents[sdk=iphoneos*]" = YES;
				"INFOPLIST_KEY_UIApplicationSupportsIndirectInputEvents[sdk=iphonesimulator*]" = YES;
				"INFOPLIST_KEY_UILaunchScreen_Generation[sdk=iphoneos*]" = YES;
				"INFOPLIST_KEY_UILaunchScreen_Generation[sdk=iphonesimulator*]" = YES;
				"INFOPLIST_KEY_UIStatusBarStyle[sdk=iphoneos*]" = UIStatusBarStyleDefault;
				"INFOPLIST_KEY_UIStatusBarStyle[sdk=iphonesimulator*]" = UIStatusBarStyleDefault;
				INFOPLIST_KEY_UISupportedInterfaceOrientations_iPad = "UIInterfaceOrientationPortrait UIInterfaceOrientationPortraitUpsideDown UIInterfaceOrientationLandscapeLeft UIInterfaceOrientationLandscapeRight";
				INFOPLIST_KEY_UISupportedInterfaceOrientations_iPhone = "UIInterfaceOrientationPortrait UIInterfaceOrientationLandscapeLeft UIInterfaceOrientationLandscapeRight";
				IPHONEOS_DEPLOYMENT_TARGET = 16.1;
				LD_RUNPATH_SEARCH_PATHS = "@executable_path/Frameworks";
				"LD_RUNPATH_SEARCH_PATHS[sdk=macosx*]" = "@executable_path/../Frameworks";
				MACOSX_DEPLOYMENT_TARGET = 13.0;
				MARKETING_VERSION = 1.0;
				PRODUCT_BUNDLE_IDENTIFIER = devon.IssueTest;
				PRODUCT_NAME = "$(TARGET_NAME)";
				SDKROOT = auto;
				SUPPORTED_PLATFORMS = "iphoneos iphonesimulator macosx";
				SWIFT_EMIT_LOC_STRINGS = YES;
				SWIFT_VERSION = 5.0;
				TARGETED_DEVICE_FAMILY = "1,2";
			};
			name = Release;
		};
/* End XCBuildConfiguration section */

/* Begin XCConfigurationList section */
		5E4EF3A828F9B661002D3F15 /* Build configuration list for PBXProject "IssueTest" */ = {
			isa = XCConfigurationList;
			buildConfigurations = (
				5E4EF3BA28F9B662002D3F15 /* Debug */,
				5E4EF3BB28F9B662002D3F15 /* Release */,
			);
			defaultConfigurationIsVisible = 0;
			defaultConfigurationName = Release;
		};
		5E4EF3BC28F9B662002D3F15 /* Build configuration list for PBXNativeTarget "IssueTest" */ = {
			isa = XCConfigurationList;
			buildConfigurations = (
				5E4EF3BD28F9B662002D3F15 /* Debug */,
				5E4EF3BE28F9B662002D3F15 /* Release */,
			);
			defaultConfigurationIsVisible = 0;
			defaultConfigurationName = Release;
		};
/* End XCConfigurationList section */

/* Begin XCVersionGroup section */
		5E4EF3C328F9BBD1002D3F15 /* Model.xcdatamodeld */ = {
			isa = XCVersionGroup;
			children = (
				5E4EF3C428F9BBD1002D3F15 /* Model.xcdatamodel */,
			);
			currentVersion = 5E4EF3C428F9BBD1002D3F15 /* Model.xcdatamodel */;
			path = Model.xcdatamodeld;
			sourceTree = "<group>";
			versionGroupType = wrapper.xcdatamodel;
		};
/* End XCVersionGroup section */
	};
	rootObject = 5E4EF3A528F9B661002D3F15 /* Project object */;
}
